
Microsoft Visual Studio Solution File, Format Version 12.00
# Visual Studio Version 17
VisualStudioVersion = 17.0.31903.59
MinimumVisualStudioVersion = 10.0.40219.1
Project("{FAE04EC0-301F-11D3-BF4B-00C04F79EFBC}") = "NmsTracker", "src\NmsTracker\NmsTracker\NmsTracker.csproj", "{4436E9BA-A920-4191-BEB8-9DE2E535A5E0}"
EndProject
Project("{2150E333-8FDC-42A3-9474-1A3956D46DE8}") = "src", "src", "{827E0CD3-B72D-47B6-A68D-7590B98EB39B}"
EndProject
Project("{FAE04EC0-301F-11D3-BF4B-00C04F79EFBC}") = "NmsTracker.Desktop", "src\NmsTracker\NmsTracker.Desktop\NmsTracker.Desktop.csproj", "{06116162-FD8C-4867-B5D2-CBB39A5892EB}"
EndProject
Project("{2150E333-8FDC-42A3-9474-1A3956D46DE8}") = "tests", "tests", "{0AB3BF05-4346-4AA6-1389-037BE0695223}"
EndProject
Project("{2150E333-8FDC-42A3-9474-1A3956D46DE8}") = "NmsTrackerTests", "NmsTrackerTests", "{FD270BAE-D195-02D1-E0B7-1D24310509A0}"
EndProject
Project("{FAE04EC0-301F-11D3-BF4B-00C04F79EFBC}") = "NmsTracker.DesktopTests", "tests\NmsTrackerTests\NmsTracker.DesktopTests\NmsTracker.DesktopTests.csproj", "{BE75362E-2366-47A2-AF62-D906A50B3C63}"
EndProject
Project("{FAE04EC0-301F-11D3-BF4B-00C04F79EFBC}") = "NmsTrackerTests", "tests\NmsTrackerTests\NmsTrackerTests\NmsTrackerTests.csproj", "{DF7857C8-5F7D-4E3B-AD65-A061B180A7E6}"
EndProject
Project("{2150E333-8FDC-42A3-9474-1A3956D46DE8}") = "NmsTracker", "NmsTracker", "{744D61E2-7809-4C28-9F8F-883912FA75F5}"
EndProject
Project("{FAE04EC0-301F-11D3-BF4B-00C04F79EFBC}") = "NmsTracker.Infrastructure", "src\NmsTracker\NmsTracker.Infrastructure\NmsTracker.Infrastructure.csproj", "{4D546379-A2E1-4D4C-8C26-EAE3A4B0AB42}"
EndProject
Project("{FAE04EC0-301F-11D3-BF4B-00C04F79EFBC}") = "NmsTracker.Application", "src\NmsTracker\NmsTracker.Application\NmsTracker.Application.csproj", "{4306D8AB-6667-4ADA-914E-F51B438CA16A}"
EndProject
Project("{FAE04EC0-301F-11D3-BF4B-00C04F79EFBC}") = "NmsTracker.Domain", "src\NmsTracker\NmsTracker.Domain\NmsTracker.Domain.csproj", "{4AA4A62E-B49C-4814-9D48-7598359EF309}"
EndProject
Project("{FAE04EC0-301F-11D3-BF4B-00C04F79EFBC}") = "NmsTracker.DomainTests", "tests\NmsTrackerTests\NmsTracker.DomainTests\NmsTracker.DomainTests.csproj", "{8030C490-DB56-4E49-83D7-4E4025FC8CFA}"
EndProject
Project("{FAE04EC0-301F-11D3-BF4B-00C04F79EFBC}") = "NmsTracker.ApplicationTests", "tests\NmsTrackerTests\NmsTracker.ApplicationTests\NmsTracker.ApplicationTests.csproj", "{FDBADEB0-A2CF-485E-AD52-1DB5E1A783E5}"
EndProject
Global
	GlobalSection(SolutionConfigurationPlatforms) = preSolution
		Debug|Any CPU = Debug|Any CPU
		Debug|x64 = Debug|x64
		Debug|x86 = Debug|x86
		Release|Any CPU = Release|Any CPU
		Release|x64 = Release|x64
		Release|x86 = Release|x86
	EndGlobalSection
	GlobalSection(ProjectConfigurationPlatforms) = postSolution
		{4436E9BA-A920-4191-BEB8-9DE2E535A5E0}.Debug|Any CPU.ActiveCfg = Debug|Any CPU
		{4436E9BA-A920-4191-BEB8-9DE2E535A5E0}.Debug|Any CPU.Build.0 = Debug|Any CPU
		{4436E9BA-A920-4191-BEB8-9DE2E535A5E0}.Debug|x64.ActiveCfg = Debug|Any CPU
		{4436E9BA-A920-4191-BEB8-9DE2E535A5E0}.Debug|x64.Build.0 = Debug|Any CPU
		{4436E9BA-A920-4191-BEB8-9DE2E535A5E0}.Debug|x86.ActiveCfg = Debug|Any CPU
		{4436E9BA-A920-4191-BEB8-9DE2E535A5E0}.Debug|x86.Build.0 = Debug|Any CPU
		{4436E9BA-A920-4191-BEB8-9DE2E535A5E0}.Release|Any CPU.ActiveCfg = Release|Any CPU
		{4436E9BA-A920-4191-BEB8-9DE2E535A5E0}.Release|Any CPU.Build.0 = Release|Any CPU
		{4436E9BA-A920-4191-BEB8-9DE2E535A5E0}.Release|x64.ActiveCfg = Release|Any CPU
		{4436E9BA-A920-4191-BEB8-9DE2E535A5E0}.Release|x64.Build.0 = Release|Any CPU
		{4436E9BA-A920-4191-BEB8-9DE2E535A5E0}.Release|x86.ActiveCfg = Release|Any CPU
		{4436E9BA-A920-4191-BEB8-9DE2E535A5E0}.Release|x86.Build.0 = Release|Any CPU
		{06116162-FD8C-4867-B5D2-CBB39A5892EB}.Debug|Any CPU.ActiveCfg = Debug|Any CPU
		{06116162-FD8C-4867-B5D2-CBB39A5892EB}.Debug|Any CPU.Build.0 = Debug|Any CPU
		{06116162-FD8C-4867-B5D2-CBB39A5892EB}.Debug|x64.ActiveCfg = Debug|Any CPU
		{06116162-FD8C-4867-B5D2-CBB39A5892EB}.Debug|x64.Build.0 = Debug|Any CPU
		{06116162-FD8C-4867-B5D2-CBB39A5892EB}.Debug|x86.ActiveCfg = Debug|Any CPU
		{06116162-FD8C-4867-B5D2-CBB39A5892EB}.Debug|x86.Build.0 = Debug|Any CPU
		{06116162-FD8C-4867-B5D2-CBB39A5892EB}.Release|Any CPU.ActiveCfg = Release|Any CPU
		{06116162-FD8C-4867-B5D2-CBB39A5892EB}.Release|Any CPU.Build.0 = Release|Any CPU
		{06116162-FD8C-4867-B5D2-CBB39A5892EB}.Release|x64.ActiveCfg = Release|Any CPU
		{06116162-FD8C-4867-B5D2-CBB39A5892EB}.Release|x64.Build.0 = Release|Any CPU
		{06116162-FD8C-4867-B5D2-CBB39A5892EB}.Release|x86.ActiveCfg = Release|Any CPU
		{06116162-FD8C-4867-B5D2-CBB39A5892EB}.Release|x86.Build.0 = Release|Any CPU
		{BE75362E-2366-47A2-AF62-D906A50B3C63}.Debug|Any CPU.ActiveCfg = Debug|Any CPU
		{BE75362E-2366-47A2-AF62-D906A50B3C63}.Debug|Any CPU.Build.0 = Debug|Any CPU
		{BE75362E-2366-47A2-AF62-D906A50B3C63}.Debug|x64.ActiveCfg = Debug|Any CPU
		{BE75362E-2366-47A2-AF62-D906A50B3C63}.Debug|x64.Build.0 = Debug|Any CPU
		{BE75362E-2366-47A2-AF62-D906A50B3C63}.Debug|x86.ActiveCfg = Debug|Any CPU
		{BE75362E-2366-47A2-AF62-D906A50B3C63}.Debug|x86.Build.0 = Debug|Any CPU
		{BE75362E-2366-47A2-AF62-D906A50B3C63}.Release|Any CPU.ActiveCfg = Release|Any CPU
		{BE75362E-2366-47A2-AF62-D906A50B3C63}.Release|Any CPU.Build.0 = Release|Any CPU
		{BE75362E-2366-47A2-AF62-D906A50B3C63}.Release|x64.ActiveCfg = Release|Any CPU
		{BE75362E-2366-47A2-AF62-D906A50B3C63}.Release|x64.Build.0 = Release|Any CPU
		{BE75362E-2366-47A2-AF62-D906A50B3C63}.Release|x86.ActiveCfg = Release|Any CPU
		{BE75362E-2366-47A2-AF62-D906A50B3C63}.Release|x86.Build.0 = Release|Any CPU
		{DF7857C8-5F7D-4E3B-AD65-A061B180A7E6}.Debug|Any CPU.ActiveCfg = Debug|Any CPU
		{DF7857C8-5F7D-4E3B-AD65-A061B180A7E6}.Debug|Any CPU.Build.0 = Debug|Any CPU
		{DF7857C8-5F7D-4E3B-AD65-A061B180A7E6}.Debug|x64.ActiveCfg = Debug|Any CPU
		{DF7857C8-5F7D-4E3B-AD65-A061B180A7E6}.Debug|x64.Build.0 = Debug|Any CPU
		{DF7857C8-5F7D-4E3B-AD65-A061B180A7E6}.Debug|x86.ActiveCfg = Debug|Any CPU
		{DF7857C8-5F7D-4E3B-AD65-A061B180A7E6}.Debug|x86.Build.0 = Debug|Any CPU
		{DF7857C8-5F7D-4E3B-AD65-A061B180A7E6}.Release|Any CPU.ActiveCfg = Release|Any CPU
		{DF7857C8-5F7D-4E3B-AD65-A061B180A7E6}.Release|Any CPU.Build.0 = Release|Any CPU
		{DF7857C8-5F7D-4E3B-AD65-A061B180A7E6}.Release|x64.ActiveCfg = Release|Any CPU
		{DF7857C8-5F7D-4E3B-AD65-A061B180A7E6}.Release|x64.Build.0 = Release|Any CPU
		{DF7857C8-5F7D-4E3B-AD65-A061B180A7E6}.Release|x86.ActiveCfg = Release|Any CPU
		{DF7857C8-5F7D-4E3B-AD65-A061B180A7E6}.Release|x86.Build.0 = Release|Any CPU
		{4D546379-A2E1-4D4C-8C26-EAE3A4B0AB42}.Debug|Any CPU.ActiveCfg = Debug|Any CPU
		{4D546379-A2E1-4D4C-8C26-EAE3A4B0AB42}.Debug|Any CPU.Build.0 = Debug|Any CPU
		{4D546379-A2E1-4D4C-8C26-EAE3A4B0AB42}.Debug|x64.ActiveCfg = Debug|Any CPU
		{4D546379-A2E1-4D4C-8C26-EAE3A4B0AB42}.Debug|x64.Build.0 = Debug|Any CPU
		{4D546379-A2E1-4D4C-8C26-EAE3A4B0AB42}.Debug|x86.ActiveCfg = Debug|Any CPU
		{4D546379-A2E1-4D4C-8C26-EAE3A4B0AB42}.Debug|x86.Build.0 = Debug|Any CPU
		{4D546379-A2E1-4D4C-8C26-EAE3A4B0AB42}.Release|Any CPU.ActiveCfg = Release|Any CPU
		{4D546379-A2E1-4D4C-8C26-EAE3A4B0AB42}.Release|Any CPU.Build.0 = Release|Any CPU
		{4D546379-A2E1-4D4C-8C26-EAE3A4B0AB42}.Release|x64.ActiveCfg = Release|Any CPU
		{4D546379-A2E1-4D4C-8C26-EAE3A4B0AB42}.Release|x64.Build.0 = Release|Any CPU
		{4D546379-A2E1-4D4C-8C26-EAE3A4B0AB42}.Release|x86.ActiveCfg = Release|Any CPU
		{4D546379-A2E1-4D4C-8C26-EAE3A4B0AB42}.Release|x86.Build.0 = Release|Any CPU
		{4306D8AB-6667-4ADA-914E-F51B438CA16A}.Debug|Any CPU.ActiveCfg = Debug|Any CPU
		{4306D8AB-6667-4ADA-914E-F51B438CA16A}.Debug|Any CPU.Build.0 = Debug|Any CPU
		{4306D8AB-6667-4ADA-914E-F51B438CA16A}.Debug|x64.ActiveCfg = Debug|Any CPU
		{4306D8AB-6667-4ADA-914E-F51B438CA16A}.Debug|x64.Build.0 = Debug|Any CPU
		{4306D8AB-6667-4ADA-914E-F51B438CA16A}.Debug|x86.ActiveCfg = Debug|Any CPU
		{4306D8AB-6667-4ADA-914E-F51B438CA16A}.Debug|x86.Build.0 = Debug|Any CPU
		{4306D8AB-6667-4ADA-914E-F51B438CA16A}.Release|Any CPU.ActiveCfg = Release|Any CPU
		{4306D8AB-6667-4ADA-914E-F51B438CA16A}.Release|Any CPU.Build.0 = Release|Any CPU
		{4306D8AB-6667-4ADA-914E-F51B438CA16A}.Release|x64.ActiveCfg = Release|Any CPU
		{4306D8AB-6667-4ADA-914E-F51B438CA16A}.Release|x64.Build.0 = Release|Any CPU
		{4306D8AB-6667-4ADA-914E-F51B438CA16A}.Release|x86.ActiveCfg = Release|Any CPU
		{4306D8AB-6667-4ADA-914E-F51B438CA16A}.Release|x86.Build.0 = Release|Any CPU
		{4AA4A62E-B49C-4814-9D48-7598359EF309}.Debug|Any CPU.ActiveCfg = Debug|Any CPU
		{4AA4A62E-B49C-4814-9D48-7598359EF309}.Debug|Any CPU.Build.0 = Debug|Any CPU
		{4AA4A62E-B49C-4814-9D48-7598359EF309}.Debug|x64.ActiveCfg = Debug|Any CPU
		{4AA4A62E-B49C-4814-9D48-7598359EF309}.Debug|x64.Build.0 = Debug|Any CPU
		{4AA4A62E-B49C-4814-9D48-7598359EF309}.Debug|x86.ActiveCfg = Debug|Any CPU
		{4AA4A62E-B49C-4814-9D48-7598359EF309}.Debug|x86.Build.0 = Debug|Any CPU
		{4AA4A62E-B49C-4814-9D48-7598359EF309}.Release|Any CPU.ActiveCfg = Release|Any CPU
		{4AA4A62E-B49C-4814-9D48-7598359EF309}.Release|Any CPU.Build.0 = Release|Any CPU
		{4AA4A62E-B49C-4814-9D48-7598359EF309}.Release|x64.ActiveCfg = Release|Any CPU
		{4AA4A62E-B49C-4814-9D48-7598359EF309}.Release|x64.Build.0 = Release|Any CPU
		{4AA4A62E-B49C-4814-9D48-7598359EF309}.Release|x86.ActiveCfg = Release|Any CPU
		{4AA4A62E-B49C-4814-9D48-7598359EF309}.Release|x86.Build.0 = Release|Any CPU
		{8030C490-DB56-4E49-83D7-4E4025FC8CFA}.Debug|Any CPU.ActiveCfg = Debug|Any CPU
		{8030C490-DB56-4E49-83D7-4E4025FC8CFA}.Debug|Any CPU.Build.0 = Debug|Any CPU
		{8030C490-DB56-4E49-83D7-4E4025FC8CFA}.Debug|x64.ActiveCfg = Debug|Any CPU
		{8030C490-DB56-4E49-83D7-4E4025FC8CFA}.Debug|x64.Build.0 = Debug|Any CPU
		{8030C490-DB56-4E49-83D7-4E4025FC8CFA}.Debug|x86.ActiveCfg = Debug|Any CPU
		{8030C490-DB56-4E49-83D7-4E4025FC8CFA}.Debug|x86.Build.0 = Debug|Any CPU
		{8030C490-DB56-4E49-83D7-4E4025FC8CFA}.Release|Any CPU.ActiveCfg = Release|Any CPU
		{8030C490-DB56-4E49-83D7-4E4025FC8CFA}.Release|Any CPU.Build.0 = Release|Any CPU
		{8030C490-DB56-4E49-83D7-4E4025FC8CFA}.Release|x64.ActiveCfg = Release|Any CPU
		{8030C490-DB56-4E49-83D7-4E4025FC8CFA}.Release|x64.Build.0 = Release|Any CPU
		{8030C490-DB56-4E49-83D7-4E4025FC8CFA}.Release|x86.ActiveCfg = Release|Any CPU
		{8030C490-DB56-4E49-83D7-4E4025FC8CFA}.Release|x86.Build.0 = Release|Any CPU
		{FDBADEB0-A2CF-485E-AD52-1DB5E1A783E5}.Debug|Any CPU.ActiveCfg = Debug|Any CPU
		{FDBADEB0-A2CF-485E-AD52-1DB5E1A783E5}.Debug|Any CPU.Build.0 = Debug|Any CPU
		{FDBADEB0-A2CF-485E-AD52-1DB5E1A783E5}.Debug|x64.ActiveCfg = Debug|Any CPU
		{FDBADEB0-A2CF-485E-AD52-1DB5E1A783E5}.Debug|x64.Build.0 = Debug|Any CPU
		{FDBADEB0-A2CF-485E-AD52-1DB5E1A783E5}.Debug|x86.ActiveCfg = Debug|Any CPU
		{FDBADEB0-A2CF-485E-AD52-1DB5E1A783E5}.Debug|x86.Build.0 = Debug|Any CPU
		{FDBADEB0-A2CF-485E-AD52-1DB5E1A783E5}.Release|Any CPU.ActiveCfg = Release|Any CPU
		{FDBADEB0-A2CF-485E-AD52-1DB5E1A783E5}.Release|Any CPU.Build.0 = Release|Any CPU
		{FDBADEB0-A2CF-485E-AD52-1DB5E1A783E5}.Release|x64.ActiveCfg = Release|Any CPU
		{FDBADEB0-A2CF-485E-AD52-1DB5E1A783E5}.Release|x64.Build.0 = Release|Any CPU
		{FDBADEB0-A2CF-485E-AD52-1DB5E1A783E5}.Release|x86.ActiveCfg = Release|Any CPU
		{FDBADEB0-A2CF-485E-AD52-1DB5E1A783E5}.Release|x86.Build.0 = Release|Any CPU
	EndGlobalSection
	GlobalSection(SolutionProperties) = preSolution
		HideSolutionNode = FALSE
	EndGlobalSection
	GlobalSection(NestedProjects) = preSolution
		{4436E9BA-A920-4191-BEB8-9DE2E535A5E0} = {744D61E2-7809-4C28-9F8F-883912FA75F5}
		{06116162-FD8C-4867-B5D2-CBB39A5892EB} = {744D61E2-7809-4C28-9F8F-883912FA75F5}
		{FD270BAE-D195-02D1-E0B7-1D24310509A0} = {0AB3BF05-4346-4AA6-1389-037BE0695223}
		{BE75362E-2366-47A2-AF62-D906A50B3C63} = {FD270BAE-D195-02D1-E0B7-1D24310509A0}
		{DF7857C8-5F7D-4E3B-AD65-A061B180A7E6} = {FD270BAE-D195-02D1-E0B7-1D24310509A0}
		{744D61E2-7809-4C28-9F8F-883912FA75F5} = {827E0CD3-B72D-47B6-A68D-7590B98EB39B}
		{4D546379-A2E1-4D4C-8C26-EAE3A4B0AB42} = {744D61E2-7809-4C28-9F8F-883912FA75F5}
		{4306D8AB-6667-4ADA-914E-F51B438CA16A} = {744D61E2-7809-4C28-9F8F-883912FA75F5}
		{4AA4A62E-B49C-4814-9D48-7598359EF309} = {744D61E2-7809-4C28-9F8F-883912FA75F5}
		{8030C490-DB56-4E49-83D7-4E4025FC8CFA} = {FD270BAE-D195-02D1-E0B7-1D24310509A0}
		{FDBADEB0-A2CF-485E-AD52-1DB5E1A783E5} = {FD270BAE-D195-02D1-E0B7-1D24310509A0}
	EndGlobalSection
EndGlobal
