{
  "version": 2,
  "dependencies": {
    "net8.0": {
      "libNOM.io": {
        "type": "Direct",
        "requested": "[0.14.2, )",
        "resolved": "0.14.2",
        "contentHash": "JyV+Ng+X8zIj6i9htfuioz+WrlD5Tngf9GmAgGOfS7vUxIHDfOXLcW6WZ6WFMQi7iHiVfoEnMW5cZw9/xnGQHA==",
        "dependencies": {
          "CommunityToolkit.Diagnostics": "8.4.0",
          "CommunityToolkit.HighPerformance": "8.4.0",
          "K4os.Compression.LZ4": "1.3.8",
          "LazyCache": "2.4.0",
          "Newtonsoft.Json": "13.0.3",
          "SpookilySharp": "1.2.0",
          "libNOM.map": "0.13.8"
        }
      },
      "CommunityToolkit.Diagnostics": {
        "type": "Transitive",
        "resolved": "8.4.0",
        "contentHash": "/9Nuy8EWo0ZYQsjn3h4OGxjCWVYXl3TV3fvv29f8IVqplXgXGRzIpbtHEHGOfykh+TPbzUclzIfMCBzmgblKDA=="
      },
      "CommunityToolkit.HighPerformance": {
        "type": "Transitive",
        "resolved": "8.4.0",
        "contentHash": "flxspiBs0G/0GMp7IK2J2ijV9bTG6hEwFc/z6ekHqB6nwRJ4Ry2yLdx+TkbCUYFCl4XhABkAwomeKbT6zM2Zlg=="
      },
      "K4os.Compression.LZ4": {
        "type": "Transitive",
        "resolved": "1.3.8",
        "contentHash": "LhwlPa7c1zs1OV2XadMtAWdImjLIsqFJPoRcIWAadSRn0Ri1DepK65UbWLPmt4riLqx2d40xjXRk0ogpqNtK7g=="
      },
      "LazyCache": {
        "type": "Transitive",
        "resolved": "2.4.0",
        "contentHash": "THig17vqe5PEs3wvTqFrNzorz2nD4Qz9F9C3YlAydU673CogAO8z1u8NNJD6x52I7oDCQ/N/HwJIZMBH8Y/Qiw==",
        "dependencies": {
          "Microsoft.Extensions.Caching.Abstractions": "2.1.0",
          "Microsoft.Extensions.Caching.Memory": "2.1.0"
        }
      },
      "libNOM.map": {
        "type": "Transitive",
        "resolved": "0.13.8",
        "contentHash": "L0gTNwWy+aJPHC8iBs7Oi6fGmQcYcg7oNrKRXY45S4naILwLBrbla+yp83/gbH9xJd7voF+xkGVKcTPAH/r7eg==",
        "dependencies": {
          "Newtonsoft.Json": "13.0.3",
          "Octokit": "14.0.0"
        }
      },
      "Microsoft.Extensions.Caching.Abstractions": {
        "type": "Transitive",
        "resolved": "2.1.0",
        "contentHash": "R7uAb/JRwb9YQBB0qqLlX2qv4RBC/BqqIqFDqzvCjT0T2uPpbuTINLKGp+7uX2dbxjt3cpebSu5GvebeiKYpQA==",
        "dependencies": {
          "Microsoft.Extensions.Primitives": "2.1.0"
        }
      },
      "Microsoft.Extensions.Caching.Memory": {
        "type": "Transitive",
        "resolved": "2.1.0",
        "contentHash": "Jc1TrYtOxX9gsUXI4ZPVfPLI9aGjGTzVEs/qsBPw2GA+Td840YN4CvXCjgrLtWJckxl6KRNHgoYYBQgZZ/LTqg==",
        "dependencies": {
          "Microsoft.Extensions.Caching.Abstractions": "2.1.0",
          "Microsoft.Extensions.DependencyInjection.Abstractions": "2.1.0",
          "Microsoft.Extensions.Options": "2.1.0"
        }
      },
      "Microsoft.Extensions.DependencyInjection.Abstractions": {
        "type": "Transitive",
        "resolved": "2.1.0",
        "contentHash": "8/CtASu80UIoyG+r8FstrmZW5GLtXxzoYpjj3jV0FKZCL5CiFgSH3pAmqut/dC68mu7N1bU6v0UtKKL3gCUQGQ=="
      },
      "Microsoft.Extensions.Options": {
        "type": "Transitive",
        "resolved": "2.1.0",
        "contentHash": "VOM1pPMi9+7/4Vc9aPLU8btHOBQy1+AvpqxLxFI2OVtqGv+1klPaV59g9R6aSt2U7ijfB3TjvAO4Tc/cn9/hxA==",
        "dependencies": {
          "Microsoft.Extensions.DependencyInjection.Abstractions": "2.1.0",
          "Microsoft.Extensions.Primitives": "2.1.0"
        }
      },
      "Microsoft.Extensions.Primitives": {
        "type": "Transitive",
        "resolved": "2.1.0",
        "contentHash": "gMwH6wgWOPfyfLfMLEP+ZF7/MSJq35e0xxKEYUjt8veEznY45nBVqdfI876+9SFQq2ChcqKf2UyYc2XYj2v27w==",
        "dependencies": {
          "System.Memory": "4.5.0",
          "System.Runtime.CompilerServices.Unsafe": "4.5.0"
        }
      },
      "Mnemosyne": {
        "type": "Transitive",
        "resolved": "1.1.0.2",
        "contentHash": "eNtS/dCBFOCTmj0xx//emcWB8UrQrMbmqpvpMpZFixeXLQcUOcadMH0jqbdjsCVSNSpxa7HZLRCBYDe127gVTQ=="
      },
      "Newtonsoft.Json": {
        "type": "Transitive",
        "resolved": "13.0.3",
        "contentHash": "HrC5BXdl00IP9zeV+0Z848QWPAoCr9P3bDEZguI+gkLcBKAOxix/tLEAAHC+UvDNPv4a2d18lOReHMOagPa+zQ=="
      },
      "Octokit": {
        "type": "Transitive",
        "resolved": "14.0.0",
        "contentHash": "jGOuTH1l+TCpJH+fwYOp7USzHDuGfN1jKbLz3J2COwyn+wL08eynvpnM6rY2qkzIEXum3PN2p2QkP3BW/p9Qcw=="
      },
      "SpookilySharp": {
        "type": "Transitive",
        "resolved": "1.2.0",
        "contentHash": "4kiply6jaxckCmdhIgHYPiwFFCamy8hS0al+tLhFp2OY/Adkllalm/dns4EuZ4Nxcm9Wn9dP7+X9hWU6r2X7vQ==",
        "dependencies": {
          "Mnemosyne": "1.1.0.2"
        }
      },
      "System.Memory": {
        "type": "Transitive",
        "resolved": "4.5.0",
        "contentHash": "m0psCSpUxTGfvwyO0i03ajXVhgBqyXlibXz0Mo1dtKGjaHrXFLnuQ8rNBTmWRqbfRjr4eC6Wah4X5FfuFDu5og=="
      },
      "System.Runtime.CompilerServices.Unsafe": {
        "type": "Transitive",
        "resolved": "4.5.0",
        "contentHash": "YrzNWduCDHhUaSRBxHxL11UkM2fD6y8hITHis4/LbQZ6vj3vdRjoH3IoPWWC9uDXK2wHIqn+b5gv1Np/VKyM1g=="
      },
      "nmstracker.application": {
        "type": "Project",
        "dependencies": {
          "NmsTracker.Domain": "[1.0.0, )"
        }
      },
      "nmstracker.domain": {
        "type": "Project"
      }
    }
  }
}