{
  "version": 2,
  "dependencies": {
    "net8.0": {
      "Avalonia": {
        "type": "Direct",
        "requested": "[11.3.9, )",
        "resolved": "11.3.9",
        "contentHash": "YfaTrUxcmVTsGOw2YqdZyunHqZArK16m1pYfNIBvyvAgX89Pzd3A1PgoMkf64u7scL23IN6HkfqhZeFcbYWLoA==",
        "dependencies": {
          "Avalonia.BuildServices": "11.3.2",
          "Avalonia.Remote.Protocol": "11.3.9",
          "MicroCom.Runtime": "0.11.0"
        }
      },
      "Avalonia.Diagnostics": {
        "type": "Direct",
        "requested": "[11.3.9, )",
        "resolved": "11.3.9",
        "contentHash": "d2XGagyYZvFGv6adGrEzCNyoF+6Pfl+YU9zfUE4XyYBMw1zQcv2TBL6nRduZnqlCovf+zJZnNHA8cqpvwWJp7Q==",
        "dependencies": {
          "Avalonia": "11.3.9",
          "Avalonia.Controls.ColorPicker": "11.3.9",
          "Avalonia.Themes.Simple": "11.3.9"
        }
      },
      "Avalonia.Fonts.Inter": {
        "type": "Direct",
        "requested": "[11.3.9, )",
        "resolved": "11.3.9",
        "contentHash": "g5qaObmtQUNqtuONcoYv6wrN3fNZ3ATyBohOtFAEyopwwFNQPcQaA+JSgW+AFmdBXaBOuvxthD8P4qglagNUvw==",
        "dependencies": {
          "Avalonia": "11.3.9"
        }
      },
      "Avalonia.Themes.Fluent": {
        "type": "Direct",
        "requested": "[11.3.9, )",
        "resolved": "11.3.9",
        "contentHash": "XSgQxSRKgK/yNhkKa1rGuEUDISi+VNxwoj1pq4JUhFd1XXk/dqGsc4MfESItwTyGEYJH+HDbWfWEPVDDxAfUJg==",
        "dependencies": {
          "Avalonia": "11.3.9"
        }
      },
      "CommunityToolkit.Mvvm": {
        "type": "Direct",
        "requested": "[8.4.0, )",
        "resolved": "8.4.0",
        "contentHash": "tqVU8yc/ADO9oiTRyTnwhFN68hCwvkliMierptWOudIAvWY1mWCh5VFh+guwHJmpMwfg0J0rY+yyd5Oy7ty9Uw=="
      },
      "Avalonia.BuildServices": {
        "type": "Transitive",
        "resolved": "11.3.2",
        "contentHash": "qHDToxto1e3hci5YqbG9n0Ty8mlp3zBUN5wT66wKqaDVzXyQ0do3EnRILd4Ke9jpvsktaPpgE0YjEk7hornryQ=="
      },
      "Avalonia.Controls.ColorPicker": {
        "type": "Transitive",
        "resolved": "11.3.9",
        "contentHash": "AVn/h8R/jhlHLIImECZnCTpcrcRo319J7y2gJ/YU4ELMaCsRTmWY3dxlRyBDbyCukURTupGmsPy6gb7XEYbWow==",
        "dependencies": {
          "Avalonia": "11.3.9",
          "Avalonia.Remote.Protocol": "11.3.9"
        }
      },
      "Avalonia.Remote.Protocol": {
        "type": "Transitive",
        "resolved": "11.3.9",
        "contentHash": "2XVLTSNa+Nvwu4D8NqqdudhllTaCRA9ZKlLZZvYLZeuLlzg7OcAV+df/biHQc6AqOv7iMFR9K5Zt3wG0EF4KfQ=="
      },
      "Avalonia.Themes.Simple": {
        "type": "Transitive",
        "resolved": "11.3.9",
        "contentHash": "BicF6GQJJs6sI5+GcuTujnUdMijVyBpD3QD9O9ZpqkSSDE3vyZFbRZb5MyCBlPu/LxPANnKoTW95erlpYIICTw==",
        "dependencies": {
          "Avalonia": "11.3.9"
        }
      },
      "MicroCom.Runtime": {
        "type": "Transitive",
        "resolved": "0.11.0",
        "contentHash": "MEnrZ3UIiH40hjzMDsxrTyi8dtqB5ziv3iBeeU4bXsL/7NLSal9F1lZKpK+tfBRnUoDSdtcW3KufE4yhATOMCA=="
      }
    }
  }
}