{
  "version": 2,
  "dependencies": {
    "net8.0": {
      "Avalonia": {
        "type": "Direct",
        "requested": "[11.3.9, )",
        "resolved": "11.3.9",
        "contentHash": "YfaTrUxcmVTsGOw2YqdZyunHqZArK16m1pYfNIBvyvAgX89Pzd3A1PgoMkf64u7scL23IN6HkfqhZeFcbYWLoA==",
        "dependencies": {
          "Avalonia.BuildServices": "11.3.2",
          "Avalonia.Remote.Protocol": "11.3.9",
          "MicroCom.Runtime": "0.11.0"
        }
      },
      "Avalonia.Diagnostics": {
        "type": "Direct",
        "requested": "[11.3.9, )",
        "resolved": "11.3.9",
        "contentHash": "d2XGagyYZvFGv6adGrEzCNyoF+6Pfl+YU9zfUE4XyYBMw1zQcv2TBL6nRduZnqlCovf+zJZnNHA8cqpvwWJp7Q==",
        "dependencies": {
          "Avalonia": "11.3.9",
          "Avalonia.Controls.ColorPicker": "11.3.9",
          "Avalonia.Themes.Simple": "11.3.9"
        }
      },
      "Avalonia.Fonts.Inter": {
        "type": "Direct",
        "requested": "[11.3.9, )",
        "resolved": "11.3.9",
        "contentHash": "g5qaObmtQUNqtuONcoYv6wrN3fNZ3ATyBohOtFAEyopwwFNQPcQaA+JSgW+AFmdBXaBOuvxthD8P4qglagNUvw==",
        "dependencies": {
          "Avalonia": "11.3.9"
        }
      },
      "Avalonia.Themes.Fluent": {
        "type": "Direct",
        "requested": "[11.3.9, )",
        "resolved": "11.3.9",
        "contentHash": "XSgQxSRKgK/yNhkKa1rGuEUDISi+VNxwoj1pq4JUhFd1XXk/dqGsc4MfESItwTyGEYJH+HDbWfWEPVDDxAfUJg==",
        "dependencies": {
          "Avalonia": "11.3.9"
        }
      },
      "ReactiveMarbles.ObservableEvents.SourceGenerator": {
        "type": "Direct",
        "requested": "[1.3.1, )",
        "resolved": "1.3.1",
        "contentHash": "Yog8Af0hYb0jLMMNupkTS1Cjf/oLT637zDysQwlVbJoZJ8QgKWr6NV7dyoqZ8sQtWPOS6R4JQ+dXd3YqUjesxw=="
      },
      "ReactiveUI.Avalonia": {
        "type": "Direct",
        "requested": "[11.3.8, )",
        "resolved": "11.3.8",
        "contentHash": "8GtFnYCyjcuTlGuUhvMMrY/sUmjuzSQbbtNQ3LYZEW7tkzXixDYnHZzqZU73W+NOnq2sBxds7gSUO52igFWVUw==",
        "dependencies": {
          "Avalonia": "11.3.8",
          "ReactiveUI": "22.2.1",
          "Splat": "17.1.1"
        }
      },
      "ReactiveUI.SourceGenerators": {
        "type": "Direct",
        "requested": "[2.6.1, )",
        "resolved": "2.6.1",
        "contentHash": "QU2EQZriHX9gvUx9Y3Eb0yZYzCGJbBnbSZQMmoH90ROzLNzDsslFFqz/bX89EmcMfr+8cOK3/b80zub3X/erHw==",
        "dependencies": {
          "ReactiveUI.SourceGenerators.Analyzers.CodeFixes": "2.6.1"
        }
      },
      "Avalonia.BuildServices": {
        "type": "Transitive",
        "resolved": "11.3.2",
        "contentHash": "qHDToxto1e3hci5YqbG9n0Ty8mlp3zBUN5wT66wKqaDVzXyQ0do3EnRILd4Ke9jpvsktaPpgE0YjEk7hornryQ=="
      },
      "Avalonia.Controls.ColorPicker": {
        "type": "Transitive",
        "resolved": "11.3.9",
        "contentHash": "AVn/h8R/jhlHLIImECZnCTpcrcRo319J7y2gJ/YU4ELMaCsRTmWY3dxlRyBDbyCukURTupGmsPy6gb7XEYbWow==",
        "dependencies": {
          "Avalonia": "11.3.9",
          "Avalonia.Remote.Protocol": "11.3.9"
        }
      },
      "Avalonia.Remote.Protocol": {
        "type": "Transitive",
        "resolved": "11.3.9",
        "contentHash": "2XVLTSNa+Nvwu4D8NqqdudhllTaCRA9ZKlLZZvYLZeuLlzg7OcAV+df/biHQc6AqOv7iMFR9K5Zt3wG0EF4KfQ=="
      },
      "Avalonia.Themes.Simple": {
        "type": "Transitive",
        "resolved": "11.3.9",
        "contentHash": "BicF6GQJJs6sI5+GcuTujnUdMijVyBpD3QD9O9ZpqkSSDE3vyZFbRZb5MyCBlPu/LxPANnKoTW95erlpYIICTw==",
        "dependencies": {
          "Avalonia": "11.3.9"
        }
      },
      "DynamicData": {
        "type": "Transitive",
        "resolved": "9.4.1",
        "contentHash": "+SoDTbuzY9j0K+sZfRbbVpGjjylkVMhUQnw6qiPhxzYLBJlwxFpmunXSaNBtTxwC2C9d/XIp0kO7VhMAVuUt7w==",
        "dependencies": {
          "System.Reactive": "6.0.1"
        }
      },
      "MicroCom.Runtime": {
        "type": "Transitive",
        "resolved": "0.11.0",
        "contentHash": "MEnrZ3UIiH40hjzMDsxrTyi8dtqB5ziv3iBeeU4bXsL/7NLSal9F1lZKpK+tfBRnUoDSdtcW3KufE4yhATOMCA=="
      },
      "ReactiveUI.SourceGenerators.Analyzers.CodeFixes": {
        "type": "Transitive",
        "resolved": "2.6.1",
        "contentHash": "zawC2el6QLXwapxg1N1Kf+8+sgd4h/QW0ruirnSvk/fuMt4PJmu6LpE00bMlIU3B3LZwMJFEbkrvB7wcs7OFKw=="
      },
      "Splat": {
        "type": "Transitive",
        "resolved": "17.1.1",
        "contentHash": "WwSoJ6aPHlXwWS2jfUtKQIgzQQDSuE/iGbqEFRcM1DKVQelf+XSfnaur6oAqzECobuJLC9nqUMeDH19gU6JDag==",
        "dependencies": {
          "Splat.Builder": "17.1.1",
          "Splat.Logging": "17.1.1",
          "System.Reactive": "6.0.2"
        }
      },
      "Splat.Builder": {
        "type": "Transitive",
        "resolved": "17.1.1",
        "contentHash": "xlA5ErMwa/mg//uC5Ajv4ns3HbWXE0VJiyfupdsLfC+1HPf2MIUUk9ViYxwearB9nkZ+mAmteVD0keBhg/LYsQ==",
        "dependencies": {
          "Splat.Core": "17.1.1",
          "System.Reactive": "6.0.2"
        }
      },
      "Splat.Core": {
        "type": "Transitive",
        "resolved": "17.1.1",
        "contentHash": "sRNcO9EcnrCMr2OF4IxD8gcHtIAfCi98GwVZEK9X294RQEBIsy7sHwy8fndlxLguIHvjDJMz85v+qd226pwdNw==",
        "dependencies": {
          "System.Reactive": "6.0.2"
        }
      },
      "Splat.Logging": {
        "type": "Transitive",
        "resolved": "17.1.1",
        "contentHash": "OSkQVj6/hYVHa0taPasaknuOLw4l8CH9oTFRNuFayDowhHtGg6+UQb2LeSJXV+EXRmUL2E/TFz2ucitnQyTXJQ==",
        "dependencies": {
          "Splat.Core": "17.1.1",
          "System.Reactive": "6.0.2"
        }
      },
      "System.Reactive": {
        "type": "Transitive",
        "resolved": "6.1.0",
        "contentHash": "M5cCC1ZMkZr9jbSQGTHnVkb5TDN67qWCV7AP8TAHdGkvDlu0puT5NzemESNn9+HkYIDpWpocP68/i+/ame2/2w=="
      },
      "ReactiveUI": {
        "type": "CentralTransitive",
        "requested": "[22.3.1, )",
        "resolved": "22.3.1",
        "contentHash": "rCJ4PwXjpWZCKPXmq9N72chAO7L4EU9J14TlTO6ZI87kzrVHY+LSam8Kvkc6YctNbZA++ORiYuB/AOE8PqjrTg==",
        "dependencies": {
          "DynamicData": "9.4.1",
          "Splat": "17.1.1",
          "System.Reactive": "6.1.0"
        }
      }
    }
  }
}